// !$*UTF8*$!
{
	archiveVersion = 1;
	classes = {
	};
	objectVersion = 46;
	objects = {

/* Begin PBXBuildFile section */
		00487A23BB5D646EE5EEE5A8 /* libPods-News.a in Frameworks */ = {isa = PBXBuildFile; fileRef = 1A2BAAAE194429C8EAB82CB6 /* libPods-News.a */; };
		04319A181D73221F000095F0 /* News.storyboard in Resources */ = {isa = PBXBuildFile; fileRef = 04319A171D73221F000095F0 /* News.storyboard */; };
		04319A1B1D732267000095F0 /* CZHeadLineController.m in Sources */ = {isa = PBXBuildFile; fileRef = 04319A1A1D732267000095F0 /* CZHeadLineController.m */; };
		04319A1E1D732E28000095F0 /* CZHeadLineCell.m in Sources */ = {isa = PBXBuildFile; fileRef = 04319A1D1D732E28000095F0 /* CZHeadLineCell.m */; };
		047DFA261D72F70700C691BA /* main.m in Sources */ = {isa = PBXBuildFile; fileRef = 047DFA251D72F70700C691BA /* main.m */; };
		047DFA291D72F70700C691BA /* AppDelegate.m in Sources */ = {isa = PBXBuildFile; fileRef = 047DFA281D72F70700C691BA /* AppDelegate.m */; };
		047DFA311D72F70700C691BA /* Assets.xcassets in Resources */ = {isa = PBXBuildFile; fileRef = 047DFA301D72F70700C691BA /* Assets.xcassets */; };
		047DFA341D72F70700C691BA /* LaunchScreen.storyboard in Resources */ = {isa = PBXBuildFile; fileRef = 047DFA321D72F70700C691BA /* LaunchScreen.storyboard */; };
		04B8636D1D73CD070009649B /* CZHTTPManager.m in Sources */ = {isa = PBXBuildFile; fileRef = 04B8636C1D73CD070009649B /* CZHTTPManager.m */; };
		04B863701D73D0A20009649B /* CZApiManage.m in Sources */ = {isa = PBXBuildFile; fileRef = 04B8636F1D73D0A20009649B /* CZApiManage.m */; };
/* End PBXBuildFile section */

/* Begin PBXFileReference section */
		04319A171D73221F000095F0 /* News.storyboard */ = {isa = PBXFileReference; fileEncoding = 4; lastKnownFileType = file.storyboard; path = News.storyboard; sourceTree = "<group>"; };
		04319A191D732267000095F0 /* CZHeadLineController.h */ = {isa = PBXFileReference; fileEncoding = 4; lastKnownFileType = sourcecode.c.h; path = CZHeadLineController.h; sourceTree = "<group>"; };
		04319A1A1D732267000095F0 /* CZHeadLineController.m */ = {isa = PBXFileReference; fileEncoding = 4; lastKnownFileType = sourcecode.c.objc; path = CZHeadLineController.m; sourceTree = "<group>"; };
		04319A1C1D732E28000095F0 /* CZHeadLineCell.h */ = {isa = PBXFileReference; fileEncoding = 4; lastKnownFileType = sourcecode.c.h; path = CZHeadLineCell.h; sourceTree = "<group>"; };
		04319A1D1D732E28000095F0 /* CZHeadLineCell.m */ = {isa = PBXFileReference; fileEncoding = 4; lastKnownFileType = sourcecode.c.objc; path = CZHeadLineCell.m; sourceTree = "<group>"; };
		047DFA211D72F70700C691BA /* News.app */ = {isa = PBXFileReference; explicitFileType = wrapper.application; includeInIndex = 0; path = News.app; sourceTree = BUILT_PRODUCTS_DIR; };
		047DFA251D72F70700C691BA /* main.m */ = {isa = PBXFileReference; lastKnownFileType = sourcecode.c.objc; path = main.m; sourceTree = "<group>"; };
		047DFA271D72F70700C691BA /* AppDelegate.h */ = {isa = PBXFileReference; lastKnownFileType = sourcecode.c.h; path = AppDelegate.h; sourceTree = "<group>"; };
		047DFA281D72F70700C691BA /* AppDelegate.m */ = {isa = PBXFileReference; lastKnownFileType = sourcecode.c.objc; path = AppDelegate.m; sourceTree = "<group>"; };
		047DFA301D72F70700C691BA /* Assets.xcassets */ = {isa = PBXFileReference; lastKnownFileType = folder.assetcatalog; path = Assets.xcassets; sourceTree = "<group>"; };
		047DFA331D72F70700C691BA /* Base */ = {isa = PBXFileReference; lastKnownFileType = file.storyboard; name = Base; path = Base.lproj/LaunchScreen.storyboard; sourceTree = "<group>"; };
		047DFA351D72F70700C691BA /* Info.plist */ = {isa = PBXFileReference; lastKnownFileType = text.plist.xml; path = Info.plist; sourceTree = "<group>"; };
		04B8636B1D73CD070009649B /* CZHTTPManager.h */ = {isa = PBXFileReference; fileEncoding = 4; lastKnownFileType = sourcecode.c.h; path = CZHTTPManager.h; sourceTree = "<group>"; };
		04B8636C1D73CD070009649B /* CZHTTPManager.m */ = {isa = PBXFileReference; fileEncoding = 4; lastKnownFileType = sourcecode.c.objc; path = CZHTTPManager.m; sourceTree = "<group>"; };
		04B8636E1D73D0A20009649B /* CZApiManage.h */ = {isa = PBXFileReference; fileEncoding = 4; lastKnownFileType = sourcecode.c.h; path = CZApiManage.h; sourceTree = "<group>"; };
		04B8636F1D73D0A20009649B /* CZApiManage.m */ = {isa = PBXFileReference; fileEncoding = 4; lastKnownFileType = sourcecode.c.objc; path = CZApiManage.m; sourceTree = "<group>"; };
		1A2BAAAE194429C8EAB82CB6 /* libPods-News.a */ = {isa = PBXFileReference; explicitFileType = archive.ar; includeInIndex = 0; path = "libPods-News.a"; sourceTree = BUILT_PRODUCTS_DIR; };
		68757E5D1803C7EF8A35F350 /* Pods-News.release.xcconfig */ = {isa = PBXFileReference; includeInIndex = 1; lastKnownFileType = text.xcconfig; name = "Pods-News.release.xcconfig"; path = "Pods/Target Support Files/Pods-News/Pods-News.release.xcconfig"; sourceTree = "<group>"; };
		DB8C355F72C3C22F7CC39073 /* Pods-News.debug.xcconfig */ = {isa = PBXFileReference; includeInIndex = 1; lastKnownFileType = text.xcconfig; name = "Pods-News.debug.xcconfig"; path = "Pods/Target Support Files/Pods-News/Pods-News.debug.xcconfig"; sourceTree = "<group>"; };
/* End PBXFileReference section */

/* Begin PBXFrameworksBuildPhase section */
		047DFA1E1D72F70700C691BA /* Frameworks */ = {
			isa = PBXFrameworksBuildPhase;
			buildActionMask = 2147483647;
			files = (
				00487A23BB5D646EE5EEE5A8 /* libPods-News.a in Frameworks */,
			);
			runOnlyForDeploymentPostprocessing = 0;
		};
/* End PBXFrameworksBuildPhase section */

/* Begin PBXGroup section */
		04319A131D7320D1000095F0 /* News */ = {
			isa = PBXGroup;
			children = (
				04319A141D7320D1000095F0 /* Controller */,
				04319A151D7320D1000095F0 /* Model */,
				04319A161D7320D1000095F0 /* View */,
			);
			path = News;
			sourceTree = "<group>";
		};
		04319A141D7320D1000095F0 /* Controller */ = {
			isa = PBXGroup;
			children = (
				04319A191D732267000095F0 /* CZHeadLineController.h */,
				04319A1A1D732267000095F0 /* CZHeadLineController.m */,
			);
			path = Controller;
			sourceTree = "<group>";
		};
		04319A151D7320D1000095F0 /* Model */ = {
			isa = PBXGroup;
			children = (
			);
			path = Model;
			sourceTree = "<group>";
		};
		04319A161D7320D1000095F0 /* View */ = {
			isa = PBXGroup;
			children = (
				04319A171D73221F000095F0 /* News.storyboard */,
				04319A1C1D732E28000095F0 /* CZHeadLineCell.h */,
				04319A1D1D732E28000095F0 /* CZHeadLineCell.m */,
			);
			path = View;
			sourceTree = "<group>";
		};
		047DFA181D72F70700C691BA = {
			isa = PBXGroup;
			children = (
				047DFA231D72F70700C691BA /* News */,
				047DFA221D72F70700C691BA /* Products */,
				D1923B3EB87A964758E7F1D7 /* Pods */,
				6E1D2313B77BDBDAB74FF128 /* Frameworks */,
			);
			sourceTree = "<group>";
		};
		047DFA221D72F70700C691BA /* Products */ = {
			isa = PBXGroup;
			children = (
				047DFA211D72F70700C691BA /* News.app */,
			);
			name = Products;
			sourceTree = "<group>";
		};
		047DFA231D72F70700C691BA /* News */ = {
			isa = PBXGroup;
			children = (
				04B8636A1D73CCC00009649B /* Tool */,
				04319A131D7320D1000095F0 /* News */,
				047DFA271D72F70700C691BA /* AppDelegate.h */,
				047DFA281D72F70700C691BA /* AppDelegate.m */,
				047DFA301D72F70700C691BA /* Assets.xcassets */,
				047DFA321D72F70700C691BA /* LaunchScreen.storyboard */,
				047DFA351D72F70700C691BA /* Info.plist */,
				047DFA241D72F70700C691BA /* Supporting Files */,
			);
			path = News;
			sourceTree = "<group>";
		};
		047DFA241D72F70700C691BA /* Supporting Files */ = {
			isa = PBXGroup;
			children = (
				047DFA251D72F70700C691BA /* main.m */,
			);
			name = "Supporting Files";
			sourceTree = "<group>";
		};
		04B8636A1D73CCC00009649B /* Tool */ = {
			isa = PBXGroup;
			children = (
				04B8636B1D73CD070009649B /* CZHTTPManager.h */,
				04B8636C1D73CD070009649B /* CZHTTPManager.m */,
				04B8636E1D73D0A20009649B /* CZApiManage.h */,
				04B8636F1D73D0A20009649B /* CZApiManage.m */,
			);
			path = Tool;
			sourceTree = "<group>";
		};
		6E1D2313B77BDBDAB74FF128 /* Frameworks */ = {
			isa = PBXGroup;
			children = (
				1A2BAAAE194429C8EAB82CB6 /* libPods-News.a */,
			);
			name = Frameworks;
			sourceTree = "<group>";
		};
		D1923B3EB87A964758E7F1D7 /* Pods */ = {
			isa = PBXGroup;
			children = (
				DB8C355F72C3C22F7CC39073 /* Pods-News.debug.xcconfig */,
				68757E5D1803C7EF8A35F350 /* Pods-News.release.xcconfig */,
			);
			name = Pods;
			sourceTree = "<group>";
		};
/* End PBXGroup section */

/* Begin PBXNativeTarget section */
		047DFA201D72F70700C691BA /* News */ = {
			isa = PBXNativeTarget;
			buildConfigurationList = 047DFA381D72F70700C691BA /* Build configuration list for PBXNativeTarget "News" */;
			buildPhases = (
				99383CE3BD46CE8BD7F26154 /* [CP] Check Pods Manifest.lock */,
				047DFA1D1D72F70700C691BA /* Sources */,
				047DFA1E1D72F70700C691BA /* Frameworks */,
				047DFA1F1D72F70700C691BA /* Resources */,
				9E6985040BC58E098F114E1D /* [CP] Embed Pods Frameworks */,
				1D121018F1285165FADA9192 /* [CP] Copy Pods Resources */,
			);
			buildRules = (
			);
			dependencies = (
			);
			name = News;
			productName = News;
			productReference = 047DFA211D72F70700C691BA /* News.app */;
			productType = "com.apple.product-type.application";
		};
/* End PBXNativeTarget section */

/* Begin PBXProject section */
		047DFA191D72F70700C691BA /* Project object */ = {
			isa = PBXProject;
			attributes = {
				CLASSPREFIX = CZ;
				LastUpgradeCheck = 0720;
				ORGANIZATIONNAME = mac;
				TargetAttributes = {
					047DFA201D72F70700C691BA = {
						CreatedOnToolsVersion = 7.2;
						DevelopmentTeam = 779TTMDWS4;
					};
				};
			};
			buildConfigurationList = 047DFA1C1D72F70700C691BA /* Build configuration list for PBXProject "News" */;
			compatibilityVersion = "Xcode 3.2";
			developmentRegion = English;
			hasScannedForEncodings = 0;
			knownRegions = (
				en,
				Base,
			);
			mainGroup = 047DFA181D72F70700C691BA;
			productRefGroup = 047DFA221D72F70700C691BA /* Products */;
			projectDirPath = "";
			projectRoot = "";
			targets = (
				047DFA201D72F70700C691BA /* News */,
			);
		};
/* End PBXProject section */

/* Begin PBXResourcesBuildPhase section */
		047DFA1F1D72F70700C691BA /* Resources */ = {
			isa = PBXResourcesBuildPhase;
			buildActionMask = 2147483647;
			files = (
				047DFA341D72F70700C691BA /* LaunchScreen.storyboard in Resources */,
				04319A181D73221F000095F0 /* News.storyboard in Resources */,
				047DFA311D72F70700C691BA /* Assets.xcassets in Resources */,
			);
			runOnlyForDeploymentPostprocessing = 0;
		};
/* End PBXResourcesBuildPhase section */

/* Begin PBXShellScriptBuildPhase section */
		1D121018F1285165FADA9192 /* [CP] Copy Pods Resources */ = {
			isa = PBXShellScriptBuildPhase;
			buildActionMask = 2147483647;
			files = (
			);
			inputPaths = (
			);
			name = "[CP] Copy Pods Resources";
			outputPaths = (
			);
			runOnlyForDeploymentPostprocessing = 0;
			shellPath = /bin/sh;
			shellScript = "\"${SRCROOT}/Pods/Target Support Files/Pods-News/Pods-News-resources.sh\"\n";
			showEnvVarsInLog = 0;
		};
		99383CE3BD46CE8BD7F26154 /* [CP] Check Pods Manifest.lock */ = {
			isa = PBXShellScriptBuildPhase;
			buildActionMask = 2147483647;
			files = (
			);
			inputPaths = (
			);
			name = "[CP] Check Pods Manifest.lock";
			outputPaths = (
			);
			runOnlyForDeploymentPostprocessing = 0;
			shellPath = /bin/sh;
			shellScript = "diff \"${PODS_ROOT}/../Podfile.lock\" \"${PODS_ROOT}/Manifest.lock\" > /dev/null\nif [[ $? != 0 ]] ; then\n    cat << EOM\nerror: The sandbox is not in sync with the Podfile.lock. Run 'pod install' or update your CocoaPods installation.\nEOM\n    exit 1\nfi\n";
			showEnvVarsInLog = 0;
		};
		9E6985040BC58E098F114E1D /* [CP] Embed Pods Frameworks */ = {
			isa = PBXShellScriptBuildPhase;
			buildActionMask = 2147483647;
			files = (
			);
			inputPaths = (
			);
			name = "[CP] Embed Pods Frameworks";
			outputPaths = (
			);
			runOnlyForDeploymentPostprocessing = 0;
			shellPath = /bin/sh;
			shellScript = "\"${SRCROOT}/Pods/Target Support Files/Pods-News/Pods-News-frameworks.sh\"\n";
			showEnvVarsInLog = 0;
		};
/* End PBXShellScriptBuildPhase section */

/* Begin PBXSourcesBuildPhase section */
		047DFA1D1D72F70700C691BA /* Sources */ = {
			isa = PBXSourcesBuildPhase;
			buildActionMask = 2147483647;
			files = (
				047DFA291D72F70700C691BA /* AppDelegate.m in Sources */,
				047DFA261D72F70700C691BA /* main.m in Sources */,
				04B863701D73D0A20009649B /* CZApiManage.m in Sources */,
				04B8636D1D73CD070009649B /* CZHTTPManager.m in Sources */,
				04319A1E1D732E28000095F0 /* CZHeadLineCell.m in Sources */,
				04319A1B1D732267000095F0 /* CZHeadLineController.m in Sources */,
			);
			runOnlyForDeploymentPostprocessing = 0;
		};
/* End PBXSourcesBuildPhase section */

/* Begin PBXVariantGroup section */
		047DFA321D72F70700C691BA /* LaunchScreen.storyboard */ = {
			isa = PBXVariantGroup;
			children = (
				047DFA331D72F70700C691BA /* Base */,
			);
			name = LaunchScreen.storyboard;
			sourceTree = "<group>";
		};
/* End PBXVariantGroup section */

/* Begin XCBuildConfiguration section */
		047DFA361D72F70700C691BA /* Debug */ = {
			isa = XCBuildConfiguration;
			buildSettings = {
				ALWAYS_SEARCH_USER_PATHS = NO;
				CLANG_CXX_LANGUAGE_STANDARD = "gnu++0x";
				CLANG_CXX_LIBRARY = "libc++";
				CLANG_ENABLE_MODULES = YES;
				CLANG_ENABLE_OBJC_ARC = YES;
				CLANG_WARN_BOOL_CONVERSION = YES;
				CLANG_WARN_CONSTANT_CONVERSION = YES;
				CLANG_WARN_DIRECT_OBJC_ISA_USAGE = YES_ERROR;
				CLANG_WARN_EMPTY_BODY = YES;
				CLANG_WARN_ENUM_CONVERSION = YES;
				CLANG_WARN_INT_CONVERSION = YES;
				CLANG_WARN_OBJC_ROOT_CLASS = YES_ERROR;
				CLANG_WARN_UNREACHABLE_CODE = YES;
				CLANG_WARN__DUPLICATE_METHOD_MATCH = YES;
				"CODE_SIGN_IDENTITY[sdk=iphoneos*]" = "iPhone Developer";
				COPY_PHASE_STRIP = NO;
				DEBUG_INFORMATION_FORMAT = dwarf;
				ENABLE_STRICT_OBJC_MSGSEND = YES;
				ENABLE_TESTABILITY = YES;
				GCC_C_LANGUAGE_STANDARD = gnu99;
				GCC_DYNAMIC_NO_PIC = NO;
				GCC_NO_COMMON_BLOCKS = YES;
				GCC_OPTIMIZATION_LEVEL = 0;
				GCC_PREPROCESSOR_DEFINITIONS = (
					"DEBUG=1",
					"$(inherited)",
				);
				GCC_WARN_64_TO_32_BIT_CONVERSION = YES;
				GCC_WARN_ABOUT_RETURN_TYPE = YES_ERROR;
				GCC_WARN_UNDECLARED_SELECTOR = YES;
				GCC_WARN_UNINITIALIZED_AUTOS = YES_AGGRESSIVE;
				GCC_WARN_UNUSED_FUNCTION = YES;
				GCC_WARN_UNUSED_VARIABLE = YES;
				IPHONEOS_DEPLOYMENT_TARGET = 9.2;
				MTL_ENABLE_DEBUG_INFO = YES;
				ONLY_ACTIVE_ARCH = YES;
				SDKROOT = iphoneos;
				TARGETED_DEVICE_FAMILY = "1,2";
			};
			name = Debug;
		};
		047DFA371D72F70700C691BA /* Release */ = {
			isa = XCBuildConfiguration;
			buildSettings = {
				ALWAYS_SEARCH_USER_PATHS = NO;
				CLANG_CXX_LANGUAGE_STANDARD = "gnu++0x";
				CLANG_CXX_LIBRARY = "libc++";
				CLANG_ENABLE_MODULES = YES;
				CLANG_ENABLE_OBJC_ARC = YES;
				CLANG_WARN_BOOL_CONVERSION = YES;
				CLANG_WARN_CONSTANT_CONVERSION = YES;
				CLANG_WARN_DIRECT_OBJC_ISA_USAGE = YES_ERROR;
				CLANG_WARN_EMPTY_BODY = YES;
				CLANG_WARN_ENUM_CONVERSION = YES;
				CLANG_WARN_INT_CONVERSION = YES;
				CLANG_WARN_OBJC_ROOT_CLASS = YES_ERROR;
				CLANG_WARN_UNREACHABLE_CODE = YES;
				CLANG_WARN__DUPLICATE_METHOD_MATCH = YES;
				"CODE_SIGN_IDENTITY[sdk=iphoneos*]" = "iPhone Developer";
				COPY_PHASE_STRIP = NO;
				DEBUG_INFORMATION_FORMAT = "dwarf-with-dsym";
				ENABLE_NS_ASSERTIONS = NO;
				ENABLE_STRICT_OBJC_MSGSEND = YES;
				GCC_C_LANGUAGE_STANDARD = gnu99;
				GCC_NO_COMMON_BLOCKS = YES;
				GCC_WARN_64_TO_32_BIT_CONVERSION = YES;
				GCC_WARN_ABOUT_RETURN_TYPE = YES_ERROR;
				GCC_WARN_UNDECLARED_SELECTOR = YES;
				GCC_WARN_UNINITIALIZED_AUTOS = YES_AGGRESSIVE;
				GCC_WARN_UNUSED_FUNCTION = YES;
				GCC_WARN_UNUSED_VARIABLE = YES;
				IPHONEOS_DEPLOYMENT_TARGET = 9.2;
				MTL_ENABLE_DEBUG_INFO = NO;
				SDKROOT = iphoneos;
				TARGETED_DEVICE_FAMILY = "1,2";
				VALIDATE_PRODUCT = YES;
			};
			name = Release;
		};
		047DFA391D72F70700C691BA /* Debug */ = {
			isa = XCBuildConfiguration;
			baseConfigurationReference = DB8C355F72C3C22F7CC39073 /* Pods-News.debug.xcconfig */;
			buildSettings = {
				ASSETCATALOG_COMPILER_APPICON_NAME = AppIcon;
				INFOPLIST_FILE = News/Info.plist;
				LD_RUNPATH_SEARCH_PATHS = "$(inherited) @executable_path/Frameworks";
				PRODUCT_BUNDLE_IDENTIFIER = com.mac.News;
				PRODUCT_NAME = "$(TARGET_NAME)";
			};
			name = Debug;
		};
		047DFA3A1D72F70700C691BA /* Release */ = {
			isa = XCBuildConfiguration;
			baseConfigurationReference = 68757E5D1803C7EF8A35F350 /* Pods-News.release.xcconfig */;
			buildSettings = {
				ASSETCATALOG_COMPILER_APPICON_NAME = AppIcon;
				INFOPLIST_FILE = News/Info.plist;
				LD_RUNPATH_SEARCH_PATHS = "$(inherited) @executable_path/Frameworks";
				PRODUCT_BUNDLE_IDENTIFIER = com.mac.News;
				PRODUCT_NAME = "$(TARGET_NAME)";
			};
			name = Release;
		};
/* End XCBuildConfiguration section */

/* Begin XCConfigurationList section */
		047DFA1C1D72F70700C691BA /* Build configuration list for PBXProject "News" */ = {
			isa = XCConfigurationList;
			buildConfigurations = (
				047DFA361D72F70700C691BA /* Debug */,
				047DFA371D72F70700C691BA /* Release */,
			);
			defaultConfigurationIsVisible = 0;
			defaultConfigurationName = Release;
		};
		047DFA381D72F70700C691BA /* Build configuration list for PBXNativeTarget "News" */ = {
			isa = XCConfigurationList;
			buildConfigurations = (
				047DFA391D72F70700C691BA /* Debug */,
				047DFA3A1D72F70700C691BA /* Release */,
			);
			defaultConfigurationIsVisible = 0;
			defaultConfigurationName = Release;
		};
/* End XCConfigurationList section */
	};
	rootObject = 047DFA191D72F70700C691BA /* Project object */;
}
